<?xml version="1.0" encoding="utf-8"?>
<Project ToolsVersion="4.0" xmlns="http://schemas.microsoft.com/developer/msbuild/2003">
  <ItemGroup>
    <Filter Include="Source Files">
      <UniqueIdentifier>{4FC737F1-C7A5-4376-A066-2A32D752A2FF}</UniqueIdentifier>
      <Extensions>cpp;c;cc;cxx;c++;cppm;ixx;def;odl;idl;hpj;bat;asm;asmx</Extensions>
    </Filter>
    <Filter Include="Header Files">
      <UniqueIdentifier>{93995380-89BD-4b04-88EB-625FBE52EBFB}</UniqueIdentifier>
      <Extensions>h;hh;hpp;hxx;h++;hm;inl;inc;ipp;xsd</Extensions>
    </Filter>
    <Filter Include="Resource Files">
      <UniqueIdentifier>{67DA6AB6-F800-4c08-8B7A-83BB121AAD01}</UniqueIdentifier>
      <Extensions>rc;ico;cur;bmp;dlg;rc2;rct;bin;rgs;gif;jpg;jpeg;jpe;resx;tiff;tif;png;wav;mfcribbon-ms</Extensions>
    </Filter>
    <Filter Include="Tests">
      <UniqueIdentifier>{0d7a2fe5-6f33-463f-8432-17e77b9953e8}</UniqueIdentifier>
    </Filter>
    <Filter Include="SQLFiles">
      <UniqueIdentifier>{465d1070-8f5d-44b5-a2a0-ebd192f1df95}</UniqueIdentifier>
    </Filter>
    <Filter Include="GIt">
      <UniqueIdentifier>{f93007bf-2d50-4fcb-bfbe-ec2fd5f9024f}</UniqueIdentifier>
    </Filter>
  </ItemGroup>
  <ItemGroup>
    <ClInclude Include="framework.h">
      <Filter>Header Files</Filter>
    </ClInclude>
    <ClInclude Include="targetver.h">
      <Filter>Header Files</Filter>
    </ClInclude>
    <ClInclude Include="Resource.h">
      <Filter>Header Files</Filter>
    </ClInclude>
    <ClInclude Include="FluidSim.h">
      <Filter>Header Files</Filter>
    </ClInclude>
    <ClInclude Include="sqlite3.h">
      <Filter>Header Files</Filter>
    </ClInclude>
    <ClInclude Include="FluidGrid.h">
      <Filter>Header Files</Filter>
    </ClInclude>
    <ClInclude Include="FluidParticle.h">
      <Filter>Header Files</Filter>
    </ClInclude>
    <ClInclude Include="FluidSolver.h">
      <Filter>Header Files</Filter>
    </ClInclude>
    <ClInclude Include="FluidDatabase.h">
      <Filter>Header Files</Filter>
    </ClInclude>
  </ItemGroup>
  <ItemGroup>
    <ClCompile Include="FluidSim.cpp">
      <Filter>Source Files</Filter>
    </ClCompile>
    <ClCompile Include="sqlite3.c">
      <Filter>Source Files</Filter>
    </ClCompile>
    <ClCompile Include="FluidGrid.cpp">
      <Filter>Source Files</Filter>
    </ClCompile>
    <ClCompile Include="FluidParticle.cpp">
      <Filter>Source Files</Filter>
    </ClCompile>
    <ClCompile Include="FluidSolver.cpp">
      <Filter>Source Files</Filter>
    </ClCompile>
    <ClCompile Include="FluidDatabase.cpp">
      <Filter>Source Files</Filter>
    </ClCompile>
  </ItemGroup>
  <ItemGroup>
    <ResourceCompile Include="FluidSim.rc">
      <Filter>Resource Files</Filter>
    </ResourceCompile>
  </ItemGroup>
  <ItemGroup>
    <Image Include="small.ico">
      <Filter>Resource Files</Filter>
    </Image>
    <Image Include="FluidSim.ico">
      <Filter>Resource Files</Filter>
    </Image>
  </ItemGroup>
  <ItemGroup>
    <None Include="schema.sql">
      <Filter>SQLFiles</Filter>
    </None>
    <None Include="FluidSim.db">
      <Filter>SQLFiles</Filter>
    </None>
  </ItemGroup>
</Project>