<?xml version="1.0" encoding="utf-8"?>
<Project ToolsVersion="4.0" xmlns="http://schemas.microsoft.com/developer/msbuild/2003">
  <ItemGroup>
    <Filter Include="Source Files">
      <UniqueIdentifier>{4FC737F1-C7A5-4376-A066-2A32D752A2FF}</UniqueIdentifier>
      <Extensions>cpp;c;cc;cxx;c++;cppm;ixx;def;odl;idl;hpj;bat;asm;asmx</Extensions>
    </Filter>
    <Filter Include="Header Files">
      <UniqueIdentifier>{93995380-89BD-4b04-88EB-625FBE52EBFB}</UniqueIdentifier>
      <Extensions>h;hh;hpp;hxx;h++;hm;inl;inc;ipp;xsd</Extensions>
    </Filter>
    <Filter Include="Resource Files">
      <UniqueIdentifier>{67DA6AB6-F800-4c08-8B7A-83BB121AAD01}</UniqueIdentifier>
      <Extensions>rc;ico;cur;bmp;dlg;rc2;rct;bin;rgs;gif;jpg;jpeg;jpe;resx;tiff;tif;png;wav;mfcribbon-ms</Extensions>
    </Filter>
    <Filter Include="Tests">
      <UniqueIdentifier>{0d7a2fe5-6f33-463f-8432-17e77b9953e8}</UniqueIdentifier>
    </Filter>
    <Filter Include="SQLFiles">
      <UniqueIdentifier>{465d1070-8f5d-44b5-a2a0-ebd192f1df95}</UniqueIdentifier>
    </Filter>
    <Filter Include="Source Files\PG">
      <UniqueIdentifier>{d3cd21ec-d89d-4eb8-9f6b-cba43badd968}</UniqueIdentifier>
    </Filter>
    <Filter Include="Header Files\GUI">
      <UniqueIdentifier>{0a20ab4a-1e69-449f-bf5d-aadabf853ee5}</UniqueIdentifier>
    </Filter>
    <Filter Include="Header Files\Sim">
      <UniqueIdentifier>{95b1fe9f-2be7-4e62-811c-2ba9e60c66f6}</UniqueIdentifier>
    </Filter>
    <Filter Include="Resource Files\Icons">
      <UniqueIdentifier>{65720212-c670-4f03-a6a9-cef3ed4c1b88}</UniqueIdentifier>
    </Filter>
    <Filter Include="Source Files\Sim">
      <UniqueIdentifier>{5ef28bee-d670-470d-9ffe-fbcade137420}</UniqueIdentifier>
    </Filter>
  </ItemGroup>
  <ItemGroup>
    <ClInclude Include="framework.h">
      <Filter>Header Files</Filter>
    </ClInclude>
    <ClInclude Include="targetver.h">
      <Filter>Header Files</Filter>
    </ClInclude>
    <ClInclude Include="Resource.h">
      <Filter>Header Files</Filter>
    </ClInclude>
    <ClInclude Include="sqlite3.h">
      <Filter>Header Files</Filter>
    </ClInclude>
    <ClInclude Include="FluidSim.h">
      <Filter>Header Files\Sim</Filter>
    </ClInclude>
    <ClInclude Include="FluidSolver.h">
      <Filter>Header Files\Sim</Filter>
    </ClInclude>
    <ClInclude Include="FluidParticle.h">
      <Filter>Header Files\Sim</Filter>
    </ClInclude>
    <ClInclude Include="FluidGrid.h">
      <Filter>Header Files\Sim</Filter>
    </ClInclude>
    <ClInclude Include="FluidDatabase.h">
      <Filter>Header Files\Sim</Filter>
    </ClInclude>
    <ClInclude Include="FluidSimGUI.h">
      <Filter>Header Files\GUI</Filter>
    </ClInclude>
    <ClInclude Include="Page.h">
      <Filter>Header Files\GUI</Filter>
    </ClInclude>
    <ClInclude Include="PGHome.h">
      <Filter>Header Files\GUI</Filter>
    </ClInclude>
    <ClInclude Include="PGDatabase.h">
      <Filter>Header Files\GUI</Filter>
    </ClInclude>
  </ItemGroup>
  <ItemGroup>
    <ClCompile Include="FluidSimGUI.cpp">
      <Filter>Source Files</Filter>
    </ClCompile>
    <ClCompile Include="sqlite3.c">
      <Filter>Source Files</Filter>
    </ClCompile>
    <ClCompile Include="PGHome.cpp">
      <Filter>Source Files\PG</Filter>
    </ClCompile>
    <ClCompile Include="FluidDatabase.cpp">
      <Filter>Source Files\Sim</Filter>
    </ClCompile>
    <ClCompile Include="FluidGrid.cpp">
      <Filter>Source Files\Sim</Filter>
    </ClCompile>
    <ClCompile Include="FluidParticle.cpp">
      <Filter>Source Files\Sim</Filter>
    </ClCompile>
    <ClCompile Include="FluidSim.cpp">
      <Filter>Source Files\Sim</Filter>
    </ClCompile>
    <ClCompile Include="FluidSolver.cpp">
      <Filter>Source Files\Sim</Filter>
    </ClCompile>
    <ClCompile Include="PGDatabase.cpp">
      <Filter>Source Files\PG</Filter>
    </ClCompile>
  </ItemGroup>
  <ItemGroup>
    <None Include="schema.sql">
      <Filter>SQLFiles</Filter>
    </None>
  </ItemGroup>
  <ItemGroup>
    <Image Include="resources\images\ico\database.ico">
      <Filter>Resource Files\Icons</Filter>
    </Image>
    <Image Include="resources\images\ico\FluidSim.ico">
      <Filter>Resource Files\Icons</Filter>
    </Image>
    <Image Include="resources\images\ico\home.ico">
      <Filter>Resource Files\Icons</Filter>
    </Image>
    <Image Include="resources\images\ico\invdatabase.ico">
      <Filter>Resource Files\Icons</Filter>
    </Image>
    <Image Include="resources\images\ico\invhome.ico">
      <Filter>Resource Files\Icons</Filter>
    </Image>
    <Image Include="resources\images\ico\invliquid.ico">
      <Filter>Resource Files\Icons</Filter>
    </Image>
    <Image Include="resources\images\ico\liquid.ico">
      <Filter>Resource Files\Icons</Filter>
    </Image>
    <Image Include="resources\images\ico\small.ico">
      <Filter>Resource Files\Icons</Filter>
    </Image>
  </ItemGroup>
  <ItemGroup>
    <ResourceCompile Include="resources\FluidSimGUI.rc">
      <Filter>Resource Files</Filter>
    </ResourceCompile>
  </ItemGroup>
  <ItemGroup>
    <Manifest Include="resources\app.manifest">
      <Filter>Resource Files</Filter>
    </Manifest>
  </ItemGroup>
</Project>